
Microsoft Visual Studio Solution File, Format Version 12.00
# Visual Studio 15
VisualStudioVersion = 15.0.27428.2002
MinimumVisualStudioVersion = 10.0.40219.1
Project("{DA7A21FA-8162-4350-AD77-A8D1B671F3ED}") = "RProject1", "RProject1\RProject1.rxproj", "{7A4A6BF5-43CE-498C-B547-45C210A96507}"
EndProject
Global
	GlobalSection(SolutionConfigurationPlatforms) = preSolution
		Debug|Any CPU = Debug|Any CPU
		Release|Any CPU = Release|Any CPU
	EndGlobalSection
	GlobalSection(ProjectConfigurationPlatforms) = postSolution
		{7A4A6BF5-43CE-498C-B547-45C210A96507}.Debug|Any CPU.ActiveCfg = Debug|Any CPU
		{7A4A6BF5-43CE-498C-B547-45C210A96507}.Debug|Any CPU.Build.0 = Debug|Any CPU
		{7A4A6BF5-43CE-498C-B547-45C210A96507}.Release|Any CPU.ActiveCfg = Release|Any CPU
		{7A4A6BF5-43CE-498C-B547-45C210A96507}.Release|Any CPU.Build.0 = Release|Any CPU
	EndGlobalSection
	GlobalSection(SolutionProperties) = preSolution
		HideSolutionNode = FALSE
	EndGlobalSection
	GlobalSection(ExtensibilityGlobals) = postSolution
		SolutionGuid = {0E2C6C6A-A359-4B32-92AE-41923D0B5693}
	EndGlobalSection
EndGlobal
